{
  "name": "itgenio-srv-resolver",
  "version": "1.0.0",
  "lockfileVersion": 2,
  "requires": true,
  "packages": {
    "": {
      "name": "itgenio-srv-resolver",
      "version": "1.0.0",
      "license": "MIT",
      "devDependencies": {
        "esbuild": "^0.8.48",
        "typescript": "^4.1.5"
      },
      "engines": {
        "node": ">=12"
      }
    },
    "node_modules/esbuild": {
      "version": "0.8.48",
      "resolved": "https://registry.npmjs.org/esbuild/-/esbuild-0.8.48.tgz",
      "integrity": "sha512-lrH8lA8wWQ6Lpe1z6C7ZZaFSmRsUlcQAqe16nf7ITySQ7MV4+vI7qAqQlT/u+c3+9AL3VXmT4MXTxV2e63pO4A==",
      "dev": true,
      "hasInstallScript": true,
      "bin": {
        "esbuild": "bin/esbuild"
      }
    },
    "node_modules/typescript": {
      "version": "4.1.5",
      "resolved": "https://registry.npmjs.org/typescript/-/typescript-4.1.5.tgz",
      "integrity": "sha512-6OSu9PTIzmn9TCDiovULTnET6BgXtDYL4Gg4szY+cGsc3JP1dQL8qvE8kShTRx1NIw4Q9IBHlwODjkjWEtMUyA==",
      "dev": true,
      "bin": {
        "tsc": "bin/tsc",
        "tsserver": "bin/tsserver"
      },
      "engines": {
        "node": ">=4.2.0"
      }
    }
  },
  "dependencies": {
    "esbuild": {
      "version": "0.8.48",
      "resolved": "https://registry.npmjs.org/esbuild/-/esbuild-0.8.48.tgz",
      "integrity": "sha512-lrH8lA8wWQ6Lpe1z6C7ZZaFSmRsUlcQAqe16nf7ITySQ7MV4+vI7qAqQlT/u+c3+9AL3VXmT4MXTxV2e63pO4A==",
      "dev": true
    },
    "typescript": {
      "version": "4.1.5",
      "resolved": "https://registry.npmjs.org/typescript/-/typescript-4.1.5.tgz",
      "integrity": "sha512-6OSu9PTIzmn9TCDiovULTnET6BgXtDYL4Gg4szY+cGsc3JP1dQL8qvE8kShTRx1NIw4Q9IBHlwODjkjWEtMUyA==",
      "dev": true
    }
  }
}
